
Microsoft Visual Studio Solution File, Format Version 12.00
# Visual Studio Version 17
VisualStudioVersion = 17.11.35327.3
MinimumVisualStudioVersion = 10.0.40219.1
Project("{9A19103F-16F7-4668-BE54-9A1E7A4F7556}") = "ShopStore.Server", "ShopStore\Server\ShopStore.Server.csproj", "{BC9960CB-0872-439A-9A91-CFA9D982125C}"
EndProject
Project("{9A19103F-16F7-4668-BE54-9A1E7A4F7556}") = "ShopStore.Client", "ShopStore\Client\ShopStore.Client.csproj", "{67894C7E-B625-4FEC-B076-C9DE6810EF17}"
EndProject
Project("{9A19103F-16F7-4668-BE54-9A1E7A4F7556}") = "ShopStore.Shared", "ShopStore\Shared\ShopStore.Shared.csproj", "{FD7CC1EF-E6BC-4A84-830F-8AC603188E85}"
EndProject
Global
	GlobalSection(SolutionConfigurationPlatforms) = preSolution
		Debug|Any CPU = Debug|Any CPU
		Release|Any CPU = Release|Any CPU
	EndGlobalSection
	GlobalSection(ProjectConfigurationPlatforms) = postSolution
		{BC9960CB-0872-439A-9A91-CFA9D982125C}.Debug|Any CPU.ActiveCfg = Debug|Any CPU
		{BC9960CB-0872-439A-9A91-CFA9D982125C}.Debug|Any CPU.Build.0 = Debug|Any CPU
		{BC9960CB-0872-439A-9A91-CFA9D982125C}.Release|Any CPU.ActiveCfg = Release|Any CPU
		{BC9960CB-0872-439A-9A91-CFA9D982125C}.Release|Any CPU.Build.0 = Release|Any CPU
		{67894C7E-B625-4FEC-B076-C9DE6810EF17}.Debug|Any CPU.ActiveCfg = Debug|Any CPU
		{67894C7E-B625-4FEC-B076-C9DE6810EF17}.Debug|Any CPU.Build.0 = Debug|Any CPU
		{67894C7E-B625-4FEC-B076-C9DE6810EF17}.Release|Any CPU.ActiveCfg = Release|Any CPU
		{67894C7E-B625-4FEC-B076-C9DE6810EF17}.Release|Any CPU.Build.0 = Release|Any CPU
		{FD7CC1EF-E6BC-4A84-830F-8AC603188E85}.Debug|Any CPU.ActiveCfg = Debug|Any CPU
		{FD7CC1EF-E6BC-4A84-830F-8AC603188E85}.Debug|Any CPU.Build.0 = Debug|Any CPU
		{FD7CC1EF-E6BC-4A84-830F-8AC603188E85}.Release|Any CPU.ActiveCfg = Release|Any CPU
		{FD7CC1EF-E6BC-4A84-830F-8AC603188E85}.Release|Any CPU.Build.0 = Release|Any CPU
	EndGlobalSection
	GlobalSection(SolutionProperties) = preSolution
		HideSolutionNode = FALSE
	EndGlobalSection
	GlobalSection(ExtensibilityGlobals) = postSolution
		SolutionGuid = {EC99345C-4775-4DC4-9E65-57EF4642748F}
	EndGlobalSection
EndGlobal
